
Microsoft Visual Studio Solution File, Format Version 12.00
# Visual Studio Version 17
VisualStudioVersion = 17.9.34622.214
MinimumVisualStudioVersion = 10.0.40219.1
Project("{FAE04EC0-301F-11D3-BF4B-00C04F79EFBC}") = "ShopApi_SPD211", "ShopApi_SPD211\ShopApi_SPD211.csproj", "{62632299-6AA0-409A-A08A-24B589173600}"
EndProject
Project("{9A19103F-16F7-4668-BE54-9A1E7A4F7556}") = "Data", "Data\Data.csproj", "{F569527D-01CA-4279-B427-36BF0AC7079F}"
EndProject
Global
	GlobalSection(SolutionConfigurationPlatforms) = preSolution
		Debug|Any CPU = Debug|Any CPU
		Release|Any CPU = Release|Any CPU
	EndGlobalSection
	GlobalSection(ProjectConfigurationPlatforms) = postSolution
		{62632299-6AA0-409A-A08A-24B589173600}.Debug|Any CPU.ActiveCfg = Debug|Any CPU
		{62632299-6AA0-409A-A08A-24B589173600}.Debug|Any CPU.Build.0 = Debug|Any CPU
		{62632299-6AA0-409A-A08A-24B589173600}.Release|Any CPU.ActiveCfg = Release|Any CPU
		{62632299-6AA0-409A-A08A-24B589173600}.Release|Any CPU.Build.0 = Release|Any CPU
		{F569527D-01CA-4279-B427-36BF0AC7079F}.Debug|Any CPU.ActiveCfg = Debug|Any CPU
		{F569527D-01CA-4279-B427-36BF0AC7079F}.Debug|Any CPU.Build.0 = Debug|Any CPU
		{F569527D-01CA-4279-B427-36BF0AC7079F}.Release|Any CPU.ActiveCfg = Release|Any CPU
		{F569527D-01CA-4279-B427-36BF0AC7079F}.Release|Any CPU.Build.0 = Release|Any CPU
	EndGlobalSection
	GlobalSection(SolutionProperties) = preSolution
		HideSolutionNode = FALSE
	EndGlobalSection
	GlobalSection(ExtensibilityGlobals) = postSolution
		SolutionGuid = {B0BDF765-5A3F-4390-AFCD-6C0928CC6BFD}
	EndGlobalSection
EndGlobal
